PODS:
  - ALMoviePlayerController (0.3.0)
  - iActiveRecord (1.3.2)

DEPENDENCIES:
  - ALMoviePlayerController (~> 0.3.0)
  - iActiveRecord (~> 1.3.2)

SPEC CHECKSUMS:
  ALMoviePlayerController: bee05da71110002321ba4f87dc021e97348d7a6a
  iActiveRecord: a4f219c3badf3eacb090e6479f2d416bc23a1823

COCOAPODS: 0.34.1
